// !$*UTF8*$!
{
	archiveVersion = 1;
	classes = {
	};
	objectVersion = 55;
	objects = {

/* Begin PBXBuildFile section */
		DF0B5C0C275551E50079A856 /* remote.swift in Sources */ = {isa = PBXBuildFile; fileRef = DF0B5C0B275551E50079A856 /* remote.swift */; };
		DF0B5C0E27557BBF0079A856 /* ImageView.swift in Sources */ = {isa = PBXBuildFile; fileRef = DF0B5C0D27557BBF0079A856 /* ImageView.swift */; };
		DF0B5C1027559F710079A856 /* EngineModel.swift in Sources */ = {isa = PBXBuildFile; fileRef = DF0B5C0F27559F710079A856 /* EngineModel.swift */; };
		DF0B5C1227559FC30079A856 /* GameModle.swift in Sources */ = {isa = PBXBuildFile; fileRef = DF0B5C1127559FC30079A856 /* GameModle.swift */; };
		DF1EF96B27554027007B5F68 /* finalApp.swift in Sources */ = {isa = PBXBuildFile; fileRef = DF1EF96A27554027007B5F68 /* finalApp.swift */; };
		DF1EF96D27554027007B5F68 /* ContentView.swift in Sources */ = {isa = PBXBuildFile; fileRef = DF1EF96C27554027007B5F68 /* ContentView.swift */; };
		DF1EF96F27554028007B5F68 /* Assets.xcassets in Resources */ = {isa = PBXBuildFile; fileRef = DF1EF96E27554028007B5F68 /* Assets.xcassets */; };
		DF1EF97227554028007B5F68 /* Preview Assets.xcassets in Resources */ = {isa = PBXBuildFile; fileRef = DF1EF97127554028007B5F68 /* Preview Assets.xcassets */; };
		DF1EF97427554028007B5F68 /* Persistence.swift in Sources */ = {isa = PBXBuildFile; fileRef = DF1EF97327554028007B5F68 /* Persistence.swift */; };
		DF1EF97727554028007B5F68 /* final.xcdatamodeld in Sources */ = {isa = PBXBuildFile; fileRef = DF1EF97527554028007B5F68 /* final.xcdatamodeld */; };
		DF1EF98127554029007B5F68 /* finalTests.swift in Sources */ = {isa = PBXBuildFile; fileRef = DF1EF98027554029007B5F68 /* finalTests.swift */; };
		DF1EF98B27554029007B5F68 /* finalUITests.swift in Sources */ = {isa = PBXBuildFile; fileRef = DF1EF98A27554029007B5F68 /* finalUITests.swift */; };
		DF1EF98D27554029007B5F68 /* finalUITestsLaunchTests.swift in Sources */ = {isa = PBXBuildFile; fileRef = DF1EF98C27554029007B5F68 /* finalUITestsLaunchTests.swift */; };
		DF1EF99E27554DFD007B5F68 /* SearchView.swift in Sources */ = {isa = PBXBuildFile; fileRef = DF1EF99D27554DFD007B5F68 /* SearchView.swift */; };
/* End PBXBuildFile section */

/* Begin PBXContainerItemProxy section */
		DF1EF97D27554029007B5F68 /* PBXContainerItemProxy */ = {
			isa = PBXContainerItemProxy;
			containerPortal = DF1EF95F27554027007B5F68 /* Project object */;
			proxyType = 1;
			remoteGlobalIDString = DF1EF96627554027007B5F68;
			remoteInfo = final;
		};
		DF1EF98727554029007B5F68 /* PBXContainerItemProxy */ = {
			isa = PBXContainerItemProxy;
			containerPortal = DF1EF95F27554027007B5F68 /* Project object */;
			proxyType = 1;
			remoteGlobalIDString = DF1EF96627554027007B5F68;
			remoteInfo = final;
		};
/* End PBXContainerItemProxy section */

/* Begin PBXFileReference section */
		DF0B5C0B275551E50079A856 /* remote.swift */ = {isa = PBXFileReference; lastKnownFileType = sourcecode.swift; path = remote.swift; sourceTree = "<group>"; };
		DF0B5C0D27557BBF0079A856 /* ImageView.swift */ = {isa = PBXFileReference; lastKnownFileType = sourcecode.swift; path = ImageView.swift; sourceTree = "<group>"; };
		DF0B5C0F27559F710079A856 /* EngineModel.swift */ = {isa = PBXFileReference; lastKnownFileType = sourcecode.swift; path = EngineModel.swift; sourceTree = "<group>"; };
		DF0B5C1127559FC30079A856 /* GameModle.swift */ = {isa = PBXFileReference; lastKnownFileType = sourcecode.swift; path = GameModle.swift; sourceTree = "<group>"; };
		DF1EF96727554027007B5F68 /* final.app */ = {isa = PBXFileReference; explicitFileType = wrapper.application; includeInIndex = 0; path = final.app; sourceTree = BUILT_PRODUCTS_DIR; };
		DF1EF96A27554027007B5F68 /* finalApp.swift */ = {isa = PBXFileReference; lastKnownFileType = sourcecode.swift; path = finalApp.swift; sourceTree = "<group>"; };
		DF1EF96C27554027007B5F68 /* ContentView.swift */ = {isa = PBXFileReference; lastKnownFileType = sourcecode.swift; path = ContentView.swift; sourceTree = "<group>"; };
		DF1EF96E27554028007B5F68 /* Assets.xcassets */ = {isa = PBXFileReference; lastKnownFileType = folder.assetcatalog; path = Assets.xcassets; sourceTree = "<group>"; };
		DF1EF97127554028007B5F68 /* Preview Assets.xcassets */ = {isa = PBXFileReference; lastKnownFileType = folder.assetcatalog; path = "Preview Assets.xcassets"; sourceTree = "<group>"; };
		DF1EF97327554028007B5F68 /* Persistence.swift */ = {isa = PBXFileReference; lastKnownFileType = sourcecode.swift; path = Persistence.swift; sourceTree = "<group>"; };
		DF1EF97627554028007B5F68 /* final.xcdatamodel */ = {isa = PBXFileReference; lastKnownFileType = wrapper.xcdatamodel; path = final.xcdatamodel; sourceTree = "<group>"; };
		DF1EF97C27554029007B5F68 /* finalTests.xctest */ = {isa = PBXFileReference; explicitFileType = wrapper.cfbundle; includeInIndex = 0; path = finalTests.xctest; sourceTree = BUILT_PRODUCTS_DIR; };
		DF1EF98027554029007B5F68 /* finalTests.swift */ = {isa = PBXFileReference; lastKnownFileType = sourcecode.swift; path = finalTests.swift; sourceTree = "<group>"; };
		DF1EF98627554029007B5F68 /* finalUITests.xctest */ = {isa = PBXFileReference; explicitFileType = wrapper.cfbundle; includeInIndex = 0; path = finalUITests.xctest; sourceTree = BUILT_PRODUCTS_DIR; };
		DF1EF98A27554029007B5F68 /* finalUITests.swift */ = {isa = PBXFileReference; lastKnownFileType = sourcecode.swift; path = finalUITests.swift; sourceTree = "<group>"; };
		DF1EF98C27554029007B5F68 /* finalUITestsLaunchTests.swift */ = {isa = PBXFileReference; lastKnownFileType = sourcecode.swift; path = finalUITestsLaunchTests.swift; sourceTree = "<group>"; };
		DF1EF99D27554DFD007B5F68 /* SearchView.swift */ = {isa = PBXFileReference; lastKnownFileType = sourcecode.swift; path = SearchView.swift; sourceTree = "<group>"; };
/* End PBXFileReference section */

/* Begin PBXFrameworksBuildPhase section */
		DF1EF96427554027007B5F68 /* Frameworks */ = {
			isa = PBXFrameworksBuildPhase;
			buildActionMask = 2147483647;
			files = (
			);
			runOnlyForDeploymentPostprocessing = 0;
		};
		DF1EF97927554029007B5F68 /* Frameworks */ = {
			isa = PBXFrameworksBuildPhase;
			buildActionMask = 2147483647;
			files = (
			);
			runOnlyForDeploymentPostprocessing = 0;
		};
		DF1EF98327554029007B5F68 /* Frameworks */ = {
			isa = PBXFrameworksBuildPhase;
			buildActionMask = 2147483647;
			files = (
			);
			runOnlyForDeploymentPostprocessing = 0;
		};
/* End PBXFrameworksBuildPhase section */

/* Begin PBXGroup section */
		DF0B5C062755517E0079A856 /* files */ = {
			isa = PBXGroup;
			children = (
				DF0B5C0B275551E50079A856 /* remote.swift */,
				DF0B5C0F27559F710079A856 /* EngineModel.swift */,
				DF0B5C1127559FC30079A856 /* GameModle.swift */,
			);
			path = files;
			sourceTree = "<group>";
		};
		DF1EF95E27554027007B5F68 = {
			isa = PBXGroup;
			children = (
				DF1EF96927554027007B5F68 /* final */,
				DF1EF97F27554029007B5F68 /* finalTests */,
				DF1EF98927554029007B5F68 /* finalUITests */,
				DF1EF96827554027007B5F68 /* Products */,
			);
			sourceTree = "<group>";
		};
		DF1EF96827554027007B5F68 /* Products */ = {
			isa = PBXGroup;
			children = (
				DF1EF96727554027007B5F68 /* final.app */,
				DF1EF97C27554029007B5F68 /* finalTests.xctest */,
				DF1EF98627554029007B5F68 /* finalUITests.xctest */,
			);
			name = Products;
			sourceTree = "<group>";
		};
		DF1EF96927554027007B5F68 /* final */ = {
			isa = PBXGroup;
			children = (
				DF1EF96A27554027007B5F68 /* finalApp.swift */,
				DF1EF96E27554028007B5F68 /* Assets.xcassets */,
				DF1EF97327554028007B5F68 /* Persistence.swift */,
				DF0B5C062755517E0079A856 /* files */,
				DF1EF99B275542B6007B5F68 /* data */,
				DF1EF99C275542C2007B5F68 /* views */,
				DF1EF97027554028007B5F68 /* Preview Content */,
			);
			path = final;
			sourceTree = "<group>";
		};
		DF1EF97027554028007B5F68 /* Preview Content */ = {
			isa = PBXGroup;
			children = (
				DF1EF97127554028007B5F68 /* Preview Assets.xcassets */,
			);
			path = "Preview Content";
			sourceTree = "<group>";
		};
		DF1EF97F27554029007B5F68 /* finalTests */ = {
			isa = PBXGroup;
			children = (
				DF1EF98027554029007B5F68 /* finalTests.swift */,
			);
			path = finalTests;
			sourceTree = "<group>";
		};
		DF1EF98927554029007B5F68 /* finalUITests */ = {
			isa = PBXGroup;
			children = (
				DF1EF98A27554029007B5F68 /* finalUITests.swift */,
				DF1EF98C27554029007B5F68 /* finalUITestsLaunchTests.swift */,
			);
			path = finalUITests;
			sourceTree = "<group>";
		};
		DF1EF99B275542B6007B5F68 /* data */ = {
			isa = PBXGroup;
			children = (
				DF1EF97527554028007B5F68 /* final.xcdatamodeld */,
			);
			path = data;
			sourceTree = "<group>";
		};
		DF1EF99C275542C2007B5F68 /* views */ = {
			isa = PBXGroup;
			children = (
				DF1EF96C27554027007B5F68 /* ContentView.swift */,
				DF1EF99D27554DFD007B5F68 /* SearchView.swift */,
				DF0B5C0D27557BBF0079A856 /* ImageView.swift */,
			);
			path = views;
			sourceTree = "<group>";
		};
/* End PBXGroup section */

/* Begin PBXNativeTarget section */
		DF1EF96627554027007B5F68 /* final */ = {
			isa = PBXNativeTarget;
			buildConfigurationList = DF1EF99027554029007B5F68 /* Build configuration list for PBXNativeTarget "final" */;
			buildPhases = (
				DF1EF96327554027007B5F68 /* Sources */,
				DF1EF96427554027007B5F68 /* Frameworks */,
				DF1EF96527554027007B5F68 /* Resources */,
			);
			buildRules = (
			);
			dependencies = (
			);
			name = final;
			productName = final;
			productReference = DF1EF96727554027007B5F68 /* final.app */;
			productType = "com.apple.product-type.application";
		};
		DF1EF97B27554029007B5F68 /* finalTests */ = {
			isa = PBXNativeTarget;
			buildConfigurationList = DF1EF99327554029007B5F68 /* Build configuration list for PBXNativeTarget "finalTests" */;
			buildPhases = (
				DF1EF97827554029007B5F68 /* Sources */,
				DF1EF97927554029007B5F68 /* Frameworks */,
				DF1EF97A27554029007B5F68 /* Resources */,
			);
			buildRules = (
			);
			dependencies = (
				DF1EF97E27554029007B5F68 /* PBXTargetDependency */,
			);
			name = finalTests;
			productName = finalTests;
			productReference = DF1EF97C27554029007B5F68 /* finalTests.xctest */;
			productType = "com.apple.product-type.bundle.unit-test";
		};
		DF1EF98527554029007B5F68 /* finalUITests */ = {
			isa = PBXNativeTarget;
			buildConfigurationList = DF1EF99627554029007B5F68 /* Build configuration list for PBXNativeTarget "finalUITests" */;
			buildPhases = (
				DF1EF98227554029007B5F68 /* Sources */,
				DF1EF98327554029007B5F68 /* Frameworks */,
				DF1EF98427554029007B5F68 /* Resources */,
			);
			buildRules = (
			);
			dependencies = (
				DF1EF98827554029007B5F68 /* PBXTargetDependency */,
			);
			name = finalUITests;
			productName = finalUITests;
			productReference = DF1EF98627554029007B5F68 /* finalUITests.xctest */;
			productType = "com.apple.product-type.bundle.ui-testing";
		};
/* End PBXNativeTarget section */

/* Begin PBXProject section */
		DF1EF95F27554027007B5F68 /* Project object */ = {
			isa = PBXProject;
			attributes = {
				BuildIndependentTargetsInParallel = 1;
				LastSwiftUpdateCheck = 1320;
				LastUpgradeCheck = 1320;
				TargetAttributes = {
					DF1EF96627554027007B5F68 = {
						CreatedOnToolsVersion = 13.2;
					};
					DF1EF97B27554029007B5F68 = {
						CreatedOnToolsVersion = 13.2;
						TestTargetID = DF1EF96627554027007B5F68;
					};
					DF1EF98527554029007B5F68 = {
						CreatedOnToolsVersion = 13.2;
						TestTargetID = DF1EF96627554027007B5F68;
					};
				};
			};
			buildConfigurationList = DF1EF96227554027007B5F68 /* Build configuration list for PBXProject "final" */;
			compatibilityVersion = "Xcode 13.0";
			developmentRegion = en;
			hasScannedForEncodings = 0;
			knownRegions = (
				en,
				Base,
			);
			mainGroup = DF1EF95E27554027007B5F68;
			productRefGroup = DF1EF96827554027007B5F68 /* Products */;
			projectDirPath = "";
			projectRoot = "";
			targets = (
				DF1EF96627554027007B5F68 /* final */,
				DF1EF97B27554029007B5F68 /* finalTests */,
				DF1EF98527554029007B5F68 /* finalUITests */,
			);
		};
/* End PBXProject section */

/* Begin PBXResourcesBuildPhase section */
		DF1EF96527554027007B5F68 /* Resources */ = {
			isa = PBXResourcesBuildPhase;
			buildActionMask = 2147483647;
			files = (
				DF1EF97227554028007B5F68 /* Preview Assets.xcassets in Resources */,
				DF1EF96F27554028007B5F68 /* Assets.xcassets in Resources */,
			);
			runOnlyForDeploymentPostprocessing = 0;
		};
		DF1EF97A27554029007B5F68 /* Resources */ = {
			isa = PBXResourcesBuildPhase;
			buildActionMask = 2147483647;
			files = (
			);
			runOnlyForDeploymentPostprocessing = 0;
		};
		DF1EF98427554029007B5F68 /* Resources */ = {
			isa = PBXResourcesBuildPhase;
			buildActionMask = 2147483647;
			files = (
			);
			runOnlyForDeploymentPostprocessing = 0;
		};
/* End PBXResourcesBuildPhase section */

/* Begin PBXSourcesBuildPhase section */
		DF1EF96327554027007B5F68 /* Sources */ = {
			isa = PBXSourcesBuildPhase;
			buildActionMask = 2147483647;
			files = (
				DF1EF97727554028007B5F68 /* final.xcdatamodeld in Sources */,
				DF1EF97427554028007B5F68 /* Persistence.swift in Sources */,
				DF0B5C1027559F710079A856 /* EngineModel.swift in Sources */,
				DF1EF99E27554DFD007B5F68 /* SearchView.swift in Sources */,
				DF0B5C0C275551E50079A856 /* remote.swift in Sources */,
				DF1EF96D27554027007B5F68 /* ContentView.swift in Sources */,
				DF0B5C1227559FC30079A856 /* GameModle.swift in Sources */,
				DF0B5C0E27557BBF0079A856 /* ImageView.swift in Sources */,
				DF1EF96B27554027007B5F68 /* finalApp.swift in Sources */,
			);
			runOnlyForDeploymentPostprocessing = 0;
		};
		DF1EF97827554029007B5F68 /* Sources */ = {
			isa = PBXSourcesBuildPhase;
			buildActionMask = 2147483647;
			files = (
				DF1EF98127554029007B5F68 /* finalTests.swift in Sources */,
			);
			runOnlyForDeploymentPostprocessing = 0;
		};
		DF1EF98227554029007B5F68 /* Sources */ = {
			isa = PBXSourcesBuildPhase;
			buildActionMask = 2147483647;
			files = (
				DF1EF98B27554029007B5F68 /* finalUITests.swift in Sources */,
				DF1EF98D27554029007B5F68 /* finalUITestsLaunchTests.swift in Sources */,
			);
			runOnlyForDeploymentPostprocessing = 0;
		};
/* End PBXSourcesBuildPhase section */

/* Begin PBXTargetDependency section */
		DF1EF97E27554029007B5F68 /* PBXTargetDependency */ = {
			isa = PBXTargetDependency;
			target = DF1EF96627554027007B5F68 /* final */;
			targetProxy = DF1EF97D27554029007B5F68 /* PBXContainerItemProxy */;
		};
		DF1EF98827554029007B5F68 /* PBXTargetDependency */ = {
			isa = PBXTargetDependency;
			target = DF1EF96627554027007B5F68 /* final */;
			targetProxy = DF1EF98727554029007B5F68 /* PBXContainerItemProxy */;
		};
/* End PBXTargetDependency section */

/* Begin XCBuildConfiguration section */
		DF1EF98E27554029007B5F68 /* Debug */ = {
			isa = XCBuildConfiguration;
			buildSettings = {
				ALWAYS_SEARCH_USER_PATHS = NO;
				CLANG_ANALYZER_NONNULL = YES;
				CLANG_ANALYZER_NUMBER_OBJECT_CONVERSION = YES_AGGRESSIVE;
				CLANG_CXX_LANGUAGE_STANDARD = "gnu++17";
				CLANG_CXX_LIBRARY = "libc++";
				CLANG_ENABLE_MODULES = YES;
				CLANG_ENABLE_OBJC_ARC = YES;
				CLANG_ENABLE_OBJC_WEAK = YES;
				CLANG_WARN_BLOCK_CAPTURE_AUTORELEASING = YES;
				CLANG_WARN_BOOL_CONVERSION = YES;
				CLANG_WARN_COMMA = YES;
				CLANG_WARN_CONSTANT_CONVERSION = YES;
				CLANG_WARN_DEPRECATED_OBJC_IMPLEMENTATIONS = YES;
				CLANG_WARN_DIRECT_OBJC_ISA_USAGE = YES_ERROR;
				CLANG_WARN_DOCUMENTATION_COMMENTS = YES;
				CLANG_WARN_EMPTY_BODY = YES;
				CLANG_WARN_ENUM_CONVERSION = YES;
				CLANG_WARN_INFINITE_RECURSION = YES;
				CLANG_WARN_INT_CONVERSION = YES;
				CLANG_WARN_NON_LITERAL_NULL_CONVERSION = YES;
				CLANG_WARN_OBJC_IMPLICIT_RETAIN_SELF = YES;
				CLANG_WARN_OBJC_LITERAL_CONVERSION = YES;
				CLANG_WARN_OBJC_ROOT_CLASS = YES_ERROR;
				CLANG_WARN_QUOTED_INCLUDE_IN_FRAMEWORK_HEADER = YES;
				CLANG_WARN_RANGE_LOOP_ANALYSIS = YES;
				CLANG_WARN_STRICT_PROTOTYPES = YES;
				CLANG_WARN_SUSPICIOUS_MOVE = YES;
				CLANG_WARN_UNGUARDED_AVAILABILITY = YES_AGGRESSIVE;
				CLANG_WARN_UNREACHABLE_CODE = YES;
				CLANG_WARN__DUPLICATE_METHOD_MATCH = YES;
				COPY_PHASE_STRIP = NO;
				DEBUG_INFORMATION_FORMAT = dwarf;
				ENABLE_STRICT_OBJC_MSGSEND = YES;
				ENABLE_TESTABILITY = YES;
				GCC_C_LANGUAGE_STANDARD = gnu11;
				GCC_DYNAMIC_NO_PIC = NO;
				GCC_NO_COMMON_BLOCKS = YES;
				GCC_OPTIMIZATION_LEVEL = 0;
				GCC_PREPROCESSOR_DEFINITIONS = (
					"DEBUG=1",
					"$(inherited)",
				);
				GCC_WARN_64_TO_32_BIT_CONVERSION = YES;
				GCC_WARN_ABOUT_RETURN_TYPE = YES_ERROR;
				GCC_WARN_UNDECLARED_SELECTOR = YES;
				GCC_WARN_UNINITIALIZED_AUTOS = YES_AGGRESSIVE;
				GCC_WARN_UNUSED_FUNCTION = YES;
				GCC_WARN_UNUSED_VARIABLE = YES;
				IPHONEOS_DEPLOYMENT_TARGET = 15.2;
				MTL_ENABLE_DEBUG_INFO = INCLUDE_SOURCE;
				MTL_FAST_MATH = YES;
				ONLY_ACTIVE_ARCH = YES;
				SDKROOT = iphoneos;
				SWIFT_ACTIVE_COMPILATION_CONDITIONS = DEBUG;
				SWIFT_OPTIMIZATION_LEVEL = "-Onone";
			};
			name = Debug;
		};
		DF1EF98F27554029007B5F68 /* Release */ = {
			isa = XCBuildConfiguration;
			buildSettings = {
				ALWAYS_SEARCH_USER_PATHS = NO;
				CLANG_ANALYZER_NONNULL = YES;
				CLANG_ANALYZER_NUMBER_OBJECT_CONVERSION = YES_AGGRESSIVE;
				CLANG_CXX_LANGUAGE_STANDARD = "gnu++17";
				CLANG_CXX_LIBRARY = "libc++";
				CLANG_ENABLE_MODULES = YES;
				CLANG_ENABLE_OBJC_ARC = YES;
				CLANG_ENABLE_OBJC_WEAK = YES;
				CLANG_WARN_BLOCK_CAPTURE_AUTORELEASING = YES;
				CLANG_WARN_BOOL_CONVERSION = YES;
				CLANG_WARN_COMMA = YES;
				CLANG_WARN_CONSTANT_CONVERSION = YES;
				CLANG_WARN_DEPRECATED_OBJC_IMPLEMENTATIONS = YES;
				CLANG_WARN_DIRECT_OBJC_ISA_USAGE = YES_ERROR;
				CLANG_WARN_DOCUMENTATION_COMMENTS = YES;
				CLANG_WARN_EMPTY_BODY = YES;
				CLANG_WARN_ENUM_CONVERSION = YES;
				CLANG_WARN_INFINITE_RECURSION = YES;
				CLANG_WARN_INT_CONVERSION = YES;
				CLANG_WARN_NON_LITERAL_NULL_CONVERSION = YES;
				CLANG_WARN_OBJC_IMPLICIT_RETAIN_SELF = YES;
				CLANG_WARN_OBJC_LITERAL_CONVERSION = YES;
				CLANG_WARN_OBJC_ROOT_CLASS = YES_ERROR;
				CLANG_WARN_QUOTED_INCLUDE_IN_FRAMEWORK_HEADER = YES;
				CLANG_WARN_RANGE_LOOP_ANALYSIS = YES;
				CLANG_WARN_STRICT_PROTOTYPES = YES;
				CLANG_WARN_SUSPICIOUS_MOVE = YES;
				CLANG_WARN_UNGUARDED_AVAILABILITY = YES_AGGRESSIVE;
				CLANG_WARN_UNREACHABLE_CODE = YES;
				CLANG_WARN__DUPLICATE_METHOD_MATCH = YES;
				COPY_PHASE_STRIP = NO;
				DEBUG_INFORMATION_FORMAT = "dwarf-with-dsym";
				ENABLE_NS_ASSERTIONS = NO;
				ENABLE_STRICT_OBJC_MSGSEND = YES;
				GCC_C_LANGUAGE_STANDARD = gnu11;
				GCC_NO_COMMON_BLOCKS = YES;
				GCC_WARN_64_TO_32_BIT_CONVERSION = YES;
				GCC_WARN_ABOUT_RETURN_TYPE = YES_ERROR;
				GCC_WARN_UNDECLARED_SELECTOR = YES;
				GCC_WARN_UNINITIALIZED_AUTOS = YES_AGGRESSIVE;
				GCC_WARN_UNUSED_FUNCTION = YES;
				GCC_WARN_UNUSED_VARIABLE = YES;
				IPHONEOS_DEPLOYMENT_TARGET = 15.2;
				MTL_ENABLE_DEBUG_INFO = NO;
				MTL_FAST_MATH = YES;
				SDKROOT = iphoneos;
				SWIFT_COMPILATION_MODE = wholemodule;
				SWIFT_OPTIMIZATION_LEVEL = "-O";
				VALIDATE_PRODUCT = YES;
			};
			name = Release;
		};
		DF1EF99127554029007B5F68 /* Debug */ = {
			isa = XCBuildConfiguration;
			buildSettings = {
				ASSETCATALOG_COMPILER_APPICON_NAME = AppIcon;
				ASSETCATALOG_COMPILER_GLOBAL_ACCENT_COLOR_NAME = AccentColor;
				CODE_SIGN_STYLE = Automatic;
				CURRENT_PROJECT_VERSION = 1;
				DEVELOPMENT_ASSET_PATHS = "\"final/Preview Content\"";
				DEVELOPMENT_TEAM = 9J8D2CZ72F;
				ENABLE_PREVIEWS = YES;
				GENERATE_INFOPLIST_FILE = YES;
				INFOPLIST_KEY_UIApplicationSceneManifest_Generation = YES;
				INFOPLIST_KEY_UIApplicationSupportsIndirectInputEvents = YES;
				INFOPLIST_KEY_UILaunchScreen_Generation = YES;
				INFOPLIST_KEY_UISupportedInterfaceOrientations_iPad = "UIInterfaceOrientationPortrait UIInterfaceOrientationPortraitUpsideDown UIInterfaceOrientationLandscapeLeft UIInterfaceOrientationLandscapeRight";
				INFOPLIST_KEY_UISupportedInterfaceOrientations_iPhone = "UIInterfaceOrientationPortrait UIInterfaceOrientationLandscapeLeft UIInterfaceOrientationLandscapeRight";
				LD_RUNPATH_SEARCH_PATHS = (
					"$(inherited)",
					"@executable_path/Frameworks",
				);
				MARKETING_VERSION = 1.0;
				PRODUCT_BUNDLE_IDENTIFIER = haay20uj.final;
				PRODUCT_NAME = "$(TARGET_NAME)";
				SWIFT_EMIT_LOC_STRINGS = YES;
				SWIFT_VERSION = 5.0;
				TARGETED_DEVICE_FAMILY = "1,2";
			};
			name = Debug;
		};
		DF1EF99227554029007B5F68 /* Release */ = {
			isa = XCBuildConfiguration;
			buildSettings = {
				ASSETCATALOG_COMPILER_APPICON_NAME = AppIcon;
				ASSETCATALOG_COMPILER_GLOBAL_ACCENT_COLOR_NAME = AccentColor;
				CODE_SIGN_STYLE = Automatic;
				CURRENT_PROJECT_VERSION = 1;
				DEVELOPMENT_ASSET_PATHS = "\"final/Preview Content\"";
				DEVELOPMENT_TEAM = 9J8D2CZ72F;
				ENABLE_PREVIEWS = YES;
				GENERATE_INFOPLIST_FILE = YES;
				INFOPLIST_KEY_UIApplicationSceneManifest_Generation = YES;
				INFOPLIST_KEY_UIApplicationSupportsIndirectInputEvents = YES;
				INFOPLIST_KEY_UILaunchScreen_Generation = YES;
				INFOPLIST_KEY_UISupportedInterfaceOrientations_iPad = "UIInterfaceOrientationPortrait UIInterfaceOrientationPortraitUpsideDown UIInterfaceOrientationLandscapeLeft UIInterfaceOrientationLandscapeRight";
				INFOPLIST_KEY_UISupportedInterfaceOrientations_iPhone = "UIInterfaceOrientationPortrait UIInterfaceOrientationLandscapeLeft UIInterfaceOrientationLandscapeRight";
				LD_RUNPATH_SEARCH_PATHS = (
					"$(inherited)",
					"@executable_path/Frameworks",
				);
				MARKETING_VERSION = 1.0;
				PRODUCT_BUNDLE_IDENTIFIER = haay20uj.final;
				PRODUCT_NAME = "$(TARGET_NAME)";
				SWIFT_EMIT_LOC_STRINGS = YES;
				SWIFT_VERSION = 5.0;
				TARGETED_DEVICE_FAMILY = "1,2";
			};
			name = Release;
		};
		DF1EF99427554029007B5F68 /* Debug */ = {
			isa = XCBuildConfiguration;
			buildSettings = {
				ALWAYS_EMBED_SWIFT_STANDARD_LIBRARIES = YES;
				BUNDLE_LOADER = "$(TEST_HOST)";
				CODE_SIGN_STYLE = Automatic;
				CURRENT_PROJECT_VERSION = 1;
				DEVELOPMENT_TEAM = 9J8D2CZ72F;
				GENERATE_INFOPLIST_FILE = YES;
				IPHONEOS_DEPLOYMENT_TARGET = 15.2;
				MARKETING_VERSION = 1.0;
				PRODUCT_BUNDLE_IDENTIFIER = haay20uj.finalTests;
				PRODUCT_NAME = "$(TARGET_NAME)";
				SWIFT_EMIT_LOC_STRINGS = NO;
				SWIFT_VERSION = 5.0;
				TARGETED_DEVICE_FAMILY = "1,2";
				TEST_HOST = "$(BUILT_PRODUCTS_DIR)/final.app/final";
			};
			name = Debug;
		};
		DF1EF99527554029007B5F68 /* Release */ = {
			isa = XCBuildConfiguration;
			buildSettings = {
				ALWAYS_EMBED_SWIFT_STANDARD_LIBRARIES = YES;
				BUNDLE_LOADER = "$(TEST_HOST)";
				CODE_SIGN_STYLE = Automatic;
				CURRENT_PROJECT_VERSION = 1;
				DEVELOPMENT_TEAM = 9J8D2CZ72F;
				GENERATE_INFOPLIST_FILE = YES;
				IPHONEOS_DEPLOYMENT_TARGET = 15.2;
				MARKETING_VERSION = 1.0;
				PRODUCT_BUNDLE_IDENTIFIER = haay20uj.finalTests;
				PRODUCT_NAME = "$(TARGET_NAME)";
				SWIFT_EMIT_LOC_STRINGS = NO;
				SWIFT_VERSION = 5.0;
				TARGETED_DEVICE_FAMILY = "1,2";
				TEST_HOST = "$(BUILT_PRODUCTS_DIR)/final.app/final";
			};
			name = Release;
		};
		DF1EF99727554029007B5F68 /* Debug */ = {
			isa = XCBuildConfiguration;
			buildSettings = {
				ALWAYS_EMBED_SWIFT_STANDARD_LIBRARIES = YES;
				CODE_SIGN_STYLE = Automatic;
				CURRENT_PROJECT_VERSION = 1;
				DEVELOPMENT_TEAM = 9J8D2CZ72F;
				GENERATE_INFOPLIST_FILE = YES;
				MARKETING_VERSION = 1.0;
				PRODUCT_BUNDLE_IDENTIFIER = haay20uj.finalUITests;
				PRODUCT_NAME = "$(TARGET_NAME)";
				SWIFT_EMIT_LOC_STRINGS = NO;
				SWIFT_VERSION = 5.0;
				TARGETED_DEVICE_FAMILY = "1,2";
				TEST_TARGET_NAME = final;
			};
			name = Debug;
		};
		DF1EF99827554029007B5F68 /* Release */ = {
			isa = XCBuildConfiguration;
			buildSettings = {
				ALWAYS_EMBED_SWIFT_STANDARD_LIBRARIES = YES;
				CODE_SIGN_STYLE = Automatic;
				CURRENT_PROJECT_VERSION = 1;
				DEVELOPMENT_TEAM = 9J8D2CZ72F;
				GENERATE_INFOPLIST_FILE = YES;
				MARKETING_VERSION = 1.0;
				PRODUCT_BUNDLE_IDENTIFIER = haay20uj.finalUITests;
				PRODUCT_NAME = "$(TARGET_NAME)";
				SWIFT_EMIT_LOC_STRINGS = NO;
				SWIFT_VERSION = 5.0;
				TARGETED_DEVICE_FAMILY = "1,2";
				TEST_TARGET_NAME = final;
			};
			name = Release;
		};
/* End XCBuildConfiguration section */

/* Begin XCConfigurationList section */
		DF1EF96227554027007B5F68 /* Build configuration list for PBXProject "final" */ = {
			isa = XCConfigurationList;
			buildConfigurations = (
				DF1EF98E27554029007B5F68 /* Debug */,
				DF1EF98F27554029007B5F68 /* Release */,
			);
			defaultConfigurationIsVisible = 0;
			defaultConfigurationName = Release;
		};
		DF1EF99027554029007B5F68 /* Build configuration list for PBXNativeTarget "final" */ = {
			isa = XCConfigurationList;
			buildConfigurations = (
				DF1EF99127554029007B5F68 /* Debug */,
				DF1EF99227554029007B5F68 /* Release */,
			);
			defaultConfigurationIsVisible = 0;
			defaultConfigurationName = Release;
		};
		DF1EF99327554029007B5F68 /* Build configuration list for PBXNativeTarget "finalTests" */ = {
			isa = XCConfigurationList;
			buildConfigurations = (
				DF1EF99427554029007B5F68 /* Debug */,
				DF1EF99527554029007B5F68 /* Release */,
			);
			defaultConfigurationIsVisible = 0;
			defaultConfigurationName = Release;
		};
		DF1EF99627554029007B5F68 /* Build configuration list for PBXNativeTarget "finalUITests" */ = {
			isa = XCConfigurationList;
			buildConfigurations = (
				DF1EF99727554029007B5F68 /* Debug */,
				DF1EF99827554029007B5F68 /* Release */,
			);
			defaultConfigurationIsVisible = 0;
			defaultConfigurationName = Release;
		};
/* End XCConfigurationList section */

/* Begin XCVersionGroup section */
		DF1EF97527554028007B5F68 /* final.xcdatamodeld */ = {
			isa = XCVersionGroup;
			children = (
				DF1EF97627554028007B5F68 /* final.xcdatamodel */,
			);
			currentVersion = DF1EF97627554028007B5F68 /* final.xcdatamodel */;
			path = final.xcdatamodeld;
			sourceTree = "<group>";
			versionGroupType = wrapper.xcdatamodel;
		};
/* End XCVersionGroup section */
	};
	rootObject = DF1EF95F27554027007B5F68 /* Project object */;
}
